
Microsoft Visual Studio Solution File, Format Version 12.00
Project("{FAE04EC0-301F-11D3-BF4B-00C04F79EFBC}") = "HackerNews.Api", "HackerNews.Api\HackerNews.Api.csproj", "{41F27BE4-542C-4E31-B8BE-A05F6EDADFFD}"
EndProject
Project("{2150E333-8FDC-42A3-9474-1A3956D46DE8}") = "Solution Items", "Solution Items", "{8AD24DF4-7D6D-4395-BA14-C3BEF66DACCE}"
	ProjectSection(SolutionItems) = preProject
		compose.yaml = compose.yaml
	EndProjectSection
EndProject
Project("{FAE04EC0-301F-11D3-BF4B-00C04F79EFBC}") = "HackerNews.UnitTests", "HackerNews.UnitTests\HackerNews.UnitTests.csproj", "{74E8F057-A3A6-45C5-8C15-DB6469C24BA5}"
EndProject
Global
	GlobalSection(SolutionConfigurationPlatforms) = preSolution
		Debug|Any CPU = Debug|Any CPU
		Release|Any CPU = Release|Any CPU
	EndGlobalSection
	GlobalSection(ProjectConfigurationPlatforms) = postSolution
		{41F27BE4-542C-4E31-B8BE-A05F6EDADFFD}.Debug|Any CPU.ActiveCfg = Debug|Any CPU
		{41F27BE4-542C-4E31-B8BE-A05F6EDADFFD}.Debug|Any CPU.Build.0 = Debug|Any CPU
		{41F27BE4-542C-4E31-B8BE-A05F6EDADFFD}.Release|Any CPU.ActiveCfg = Release|Any CPU
		{41F27BE4-542C-4E31-B8BE-A05F6EDADFFD}.Release|Any CPU.Build.0 = Release|Any CPU
		{74E8F057-A3A6-45C5-8C15-DB6469C24BA5}.Debug|Any CPU.ActiveCfg = Debug|Any CPU
		{74E8F057-A3A6-45C5-8C15-DB6469C24BA5}.Debug|Any CPU.Build.0 = Debug|Any CPU
		{74E8F057-A3A6-45C5-8C15-DB6469C24BA5}.Release|Any CPU.ActiveCfg = Release|Any CPU
		{74E8F057-A3A6-45C5-8C15-DB6469C24BA5}.Release|Any CPU.Build.0 = Release|Any CPU
	EndGlobalSection
EndGlobal
